
Microsoft Visual Studio Solution File, Format Version 12.00
# Visual Studio Version 17
VisualStudioVersion = 17.8.34322.80
MinimumVisualStudioVersion = 10.0.40219.1
Project("{8BC9CEB8-8B4A-11D0-8D11-00A0C91BC942}") = "Lab2(op)var1", "Lab2(op)var1\Lab2(op)var1.vcxproj", "{FA780921-49F9-4620-821C-DE21D072A2BA}"
EndProject
Global
	GlobalSection(SolutionConfigurationPlatforms) = preSolution
		Debug|x64 = Debug|x64
		Debug|x86 = Debug|x86
		Release|x64 = Release|x64
		Release|x86 = Release|x86
	EndGlobalSection
	GlobalSection(ProjectConfigurationPlatforms) = postSolution
		{FA780921-49F9-4620-821C-DE21D072A2BA}.Debug|x64.ActiveCfg = Debug|x64
		{FA780921-49F9-4620-821C-DE21D072A2BA}.Debug|x64.Build.0 = Debug|x64
		{FA780921-49F9-4620-821C-DE21D072A2BA}.Debug|x86.ActiveCfg = Debug|Win32
		{FA780921-49F9-4620-821C-DE21D072A2BA}.Debug|x86.Build.0 = Debug|Win32
		{FA780921-49F9-4620-821C-DE21D072A2BA}.Release|x64.ActiveCfg = Release|x64
		{FA780921-49F9-4620-821C-DE21D072A2BA}.Release|x64.Build.0 = Release|x64
		{FA780921-49F9-4620-821C-DE21D072A2BA}.Release|x86.ActiveCfg = Release|Win32
		{FA780921-49F9-4620-821C-DE21D072A2BA}.Release|x86.Build.0 = Release|Win32
	EndGlobalSection
	GlobalSection(SolutionProperties) = preSolution
		HideSolutionNode = FALSE
	EndGlobalSection
	GlobalSection(ExtensibilityGlobals) = postSolution
		SolutionGuid = {BA001559-61A6-44D8-840F-317DA30DCC67}
	EndGlobalSection
EndGlobal
